
Microsoft Visual Studio Solution File, Format Version 12.00
# Visual Studio Version 16
VisualStudioVersion = 16.0.31410.357
MinimumVisualStudioVersion = 10.0.40219.1
Project("{9A19103F-16F7-4668-BE54-9A1E7A4F7556}") = "Funtions", "Funtions\Funtions.csproj", "{B36ECD37-5F9A-42ED-A005-C917218A27C4}"
EndProject
Project("{9A19103F-16F7-4668-BE54-9A1E7A4F7556}") = "Questions", "Questions\Questions.csproj", "{62A1A9A0-6ADB-40F1-AE76-8CE3B0B17BE6}"
EndProject
Project("{FAE04EC0-301F-11D3-BF4B-00C04F79EFBC}") = "QuestionMovil.Android", "QuestionMovil\QuestionMovil.Android\QuestionMovil.Android.csproj", "{159BBCC5-3D2E-48E7-81EE-78AFD6354D81}"
EndProject
Project("{FAE04EC0-301F-11D3-BF4B-00C04F79EFBC}") = "QuestionMovil.iOS", "QuestionMovil\QuestionMovil.iOS\QuestionMovil.iOS.csproj", "{0B60BD7C-F470-49F2-8874-1EE57860E3A5}"
EndProject
Project("{9A19103F-16F7-4668-BE54-9A1E7A4F7556}") = "QuestionMovil", "QuestionMovil\QuestionMovil\QuestionMovil.csproj", "{22EFF853-C20A-4E72-B97A-A363D85B09D4}"
EndProject
Project("{9A19103F-16F7-4668-BE54-9A1E7A4F7556}") = "TheMessage", "TheMessage\TheMessage.csproj", "{8B1B0FC6-8605-4980-8F7A-217DF9738691}"
EndProject
Project("{9A19103F-16F7-4668-BE54-9A1E7A4F7556}") = "QuestionService", "QuestionService\QuestionService.csproj", "{7C6E4311-14E1-454C-A084-0EB1AF934F69}"
EndProject
Global
	GlobalSection(SolutionConfigurationPlatforms) = preSolution
		Debug|Any CPU = Debug|Any CPU
		Debug|iPhone = Debug|iPhone
		Debug|iPhoneSimulator = Debug|iPhoneSimulator
		Release|Any CPU = Release|Any CPU
		Release|iPhone = Release|iPhone
		Release|iPhoneSimulator = Release|iPhoneSimulator
	EndGlobalSection
	GlobalSection(ProjectConfigurationPlatforms) = postSolution
		{B36ECD37-5F9A-42ED-A005-C917218A27C4}.Debug|Any CPU.ActiveCfg = Debug|Any CPU
		{B36ECD37-5F9A-42ED-A005-C917218A27C4}.Debug|Any CPU.Build.0 = Debug|Any CPU
		{B36ECD37-5F9A-42ED-A005-C917218A27C4}.Debug|iPhone.ActiveCfg = Debug|Any CPU
		{B36ECD37-5F9A-42ED-A005-C917218A27C4}.Debug|iPhone.Build.0 = Debug|Any CPU
		{B36ECD37-5F9A-42ED-A005-C917218A27C4}.Debug|iPhoneSimulator.ActiveCfg = Debug|Any CPU
		{B36ECD37-5F9A-42ED-A005-C917218A27C4}.Debug|iPhoneSimulator.Build.0 = Debug|Any CPU
		{B36ECD37-5F9A-42ED-A005-C917218A27C4}.Release|Any CPU.ActiveCfg = Release|Any CPU
		{B36ECD37-5F9A-42ED-A005-C917218A27C4}.Release|Any CPU.Build.0 = Release|Any CPU
		{B36ECD37-5F9A-42ED-A005-C917218A27C4}.Release|iPhone.ActiveCfg = Release|Any CPU
		{B36ECD37-5F9A-42ED-A005-C917218A27C4}.Release|iPhone.Build.0 = Release|Any CPU
		{B36ECD37-5F9A-42ED-A005-C917218A27C4}.Release|iPhoneSimulator.ActiveCfg = Release|Any CPU
		{B36ECD37-5F9A-42ED-A005-C917218A27C4}.Release|iPhoneSimulator.Build.0 = Release|Any CPU
		{62A1A9A0-6ADB-40F1-AE76-8CE3B0B17BE6}.Debug|Any CPU.ActiveCfg = Debug|Any CPU
		{62A1A9A0-6ADB-40F1-AE76-8CE3B0B17BE6}.Debug|Any CPU.Build.0 = Debug|Any CPU
		{62A1A9A0-6ADB-40F1-AE76-8CE3B0B17BE6}.Debug|iPhone.ActiveCfg = Debug|Any CPU
		{62A1A9A0-6ADB-40F1-AE76-8CE3B0B17BE6}.Debug|iPhone.Build.0 = Debug|Any CPU
		{62A1A9A0-6ADB-40F1-AE76-8CE3B0B17BE6}.Debug|iPhoneSimulator.ActiveCfg = Debug|Any CPU
		{62A1A9A0-6ADB-40F1-AE76-8CE3B0B17BE6}.Debug|iPhoneSimulator.Build.0 = Debug|Any CPU
		{62A1A9A0-6ADB-40F1-AE76-8CE3B0B17BE6}.Release|Any CPU.ActiveCfg = Release|Any CPU
		{62A1A9A0-6ADB-40F1-AE76-8CE3B0B17BE6}.Release|Any CPU.Build.0 = Release|Any CPU
		{62A1A9A0-6ADB-40F1-AE76-8CE3B0B17BE6}.Release|iPhone.ActiveCfg = Release|Any CPU
		{62A1A9A0-6ADB-40F1-AE76-8CE3B0B17BE6}.Release|iPhone.Build.0 = Release|Any CPU
		{62A1A9A0-6ADB-40F1-AE76-8CE3B0B17BE6}.Release|iPhoneSimulator.ActiveCfg = Release|Any CPU
		{62A1A9A0-6ADB-40F1-AE76-8CE3B0B17BE6}.Release|iPhoneSimulator.Build.0 = Release|Any CPU
		{159BBCC5-3D2E-48E7-81EE-78AFD6354D81}.Debug|Any CPU.ActiveCfg = Debug|Any CPU
		{159BBCC5-3D2E-48E7-81EE-78AFD6354D81}.Debug|Any CPU.Build.0 = Debug|Any CPU
		{159BBCC5-3D2E-48E7-81EE-78AFD6354D81}.Debug|Any CPU.Deploy.0 = Debug|Any CPU
		{159BBCC5-3D2E-48E7-81EE-78AFD6354D81}.Debug|iPhone.ActiveCfg = Debug|Any CPU
		{159BBCC5-3D2E-48E7-81EE-78AFD6354D81}.Debug|iPhone.Build.0 = Debug|Any CPU
		{159BBCC5-3D2E-48E7-81EE-78AFD6354D81}.Debug|iPhone.Deploy.0 = Debug|Any CPU
		{159BBCC5-3D2E-48E7-81EE-78AFD6354D81}.Debug|iPhoneSimulator.ActiveCfg = Debug|Any CPU
		{159BBCC5-3D2E-48E7-81EE-78AFD6354D81}.Debug|iPhoneSimulator.Build.0 = Debug|Any CPU
		{159BBCC5-3D2E-48E7-81EE-78AFD6354D81}.Debug|iPhoneSimulator.Deploy.0 = Debug|Any CPU
		{159BBCC5-3D2E-48E7-81EE-78AFD6354D81}.Release|Any CPU.ActiveCfg = Release|Any CPU
		{159BBCC5-3D2E-48E7-81EE-78AFD6354D81}.Release|Any CPU.Build.0 = Release|Any CPU
		{159BBCC5-3D2E-48E7-81EE-78AFD6354D81}.Release|Any CPU.Deploy.0 = Release|Any CPU
		{159BBCC5-3D2E-48E7-81EE-78AFD6354D81}.Release|iPhone.ActiveCfg = Release|Any CPU
		{159BBCC5-3D2E-48E7-81EE-78AFD6354D81}.Release|iPhone.Build.0 = Release|Any CPU
		{159BBCC5-3D2E-48E7-81EE-78AFD6354D81}.Release|iPhone.Deploy.0 = Release|Any CPU
		{159BBCC5-3D2E-48E7-81EE-78AFD6354D81}.Release|iPhoneSimulator.ActiveCfg = Release|Any CPU
		{159BBCC5-3D2E-48E7-81EE-78AFD6354D81}.Release|iPhoneSimulator.Build.0 = Release|Any CPU
		{159BBCC5-3D2E-48E7-81EE-78AFD6354D81}.Release|iPhoneSimulator.Deploy.0 = Release|Any CPU
		{0B60BD7C-F470-49F2-8874-1EE57860E3A5}.Debug|Any CPU.ActiveCfg = Debug|iPhoneSimulator
		{0B60BD7C-F470-49F2-8874-1EE57860E3A5}.Debug|iPhone.ActiveCfg = Debug|iPhone
		{0B60BD7C-F470-49F2-8874-1EE57860E3A5}.Debug|iPhone.Build.0 = Debug|iPhone
		{0B60BD7C-F470-49F2-8874-1EE57860E3A5}.Debug|iPhoneSimulator.ActiveCfg = Debug|iPhoneSimulator
		{0B60BD7C-F470-49F2-8874-1EE57860E3A5}.Debug|iPhoneSimulator.Build.0 = Debug|iPhoneSimulator
		{0B60BD7C-F470-49F2-8874-1EE57860E3A5}.Release|Any CPU.ActiveCfg = Release|iPhoneSimulator
		{0B60BD7C-F470-49F2-8874-1EE57860E3A5}.Release|iPhone.ActiveCfg = Release|iPhone
		{0B60BD7C-F470-49F2-8874-1EE57860E3A5}.Release|iPhone.Build.0 = Release|iPhone
		{0B60BD7C-F470-49F2-8874-1EE57860E3A5}.Release|iPhoneSimulator.ActiveCfg = Release|iPhoneSimulator
		{0B60BD7C-F470-49F2-8874-1EE57860E3A5}.Release|iPhoneSimulator.Build.0 = Release|iPhoneSimulator
		{22EFF853-C20A-4E72-B97A-A363D85B09D4}.Debug|Any CPU.ActiveCfg = Debug|Any CPU
		{22EFF853-C20A-4E72-B97A-A363D85B09D4}.Debug|Any CPU.Build.0 = Debug|Any CPU
		{22EFF853-C20A-4E72-B97A-A363D85B09D4}.Debug|iPhone.ActiveCfg = Debug|Any CPU
		{22EFF853-C20A-4E72-B97A-A363D85B09D4}.Debug|iPhone.Build.0 = Debug|Any CPU
		{22EFF853-C20A-4E72-B97A-A363D85B09D4}.Debug|iPhoneSimulator.ActiveCfg = Debug|Any CPU
		{22EFF853-C20A-4E72-B97A-A363D85B09D4}.Debug|iPhoneSimulator.Build.0 = Debug|Any CPU
		{22EFF853-C20A-4E72-B97A-A363D85B09D4}.Release|Any CPU.ActiveCfg = Release|Any CPU
		{22EFF853-C20A-4E72-B97A-A363D85B09D4}.Release|Any CPU.Build.0 = Release|Any CPU
		{22EFF853-C20A-4E72-B97A-A363D85B09D4}.Release|iPhone.ActiveCfg = Release|Any CPU
		{22EFF853-C20A-4E72-B97A-A363D85B09D4}.Release|iPhone.Build.0 = Release|Any CPU
		{22EFF853-C20A-4E72-B97A-A363D85B09D4}.Release|iPhoneSimulator.ActiveCfg = Release|Any CPU
		{22EFF853-C20A-4E72-B97A-A363D85B09D4}.Release|iPhoneSimulator.Build.0 = Release|Any CPU
		{8B1B0FC6-8605-4980-8F7A-217DF9738691}.Debug|Any CPU.ActiveCfg = Debug|Any CPU
		{8B1B0FC6-8605-4980-8F7A-217DF9738691}.Debug|Any CPU.Build.0 = Debug|Any CPU
		{8B1B0FC6-8605-4980-8F7A-217DF9738691}.Debug|iPhone.ActiveCfg = Debug|Any CPU
		{8B1B0FC6-8605-4980-8F7A-217DF9738691}.Debug|iPhone.Build.0 = Debug|Any CPU
		{8B1B0FC6-8605-4980-8F7A-217DF9738691}.Debug|iPhoneSimulator.ActiveCfg = Debug|Any CPU
		{8B1B0FC6-8605-4980-8F7A-217DF9738691}.Debug|iPhoneSimulator.Build.0 = Debug|Any CPU
		{8B1B0FC6-8605-4980-8F7A-217DF9738691}.Release|Any CPU.ActiveCfg = Release|Any CPU
		{8B1B0FC6-8605-4980-8F7A-217DF9738691}.Release|Any CPU.Build.0 = Release|Any CPU
		{8B1B0FC6-8605-4980-8F7A-217DF9738691}.Release|iPhone.ActiveCfg = Release|Any CPU
		{8B1B0FC6-8605-4980-8F7A-217DF9738691}.Release|iPhone.Build.0 = Release|Any CPU
		{8B1B0FC6-8605-4980-8F7A-217DF9738691}.Release|iPhoneSimulator.ActiveCfg = Release|Any CPU
		{8B1B0FC6-8605-4980-8F7A-217DF9738691}.Release|iPhoneSimulator.Build.0 = Release|Any CPU
		{7C6E4311-14E1-454C-A084-0EB1AF934F69}.Debug|Any CPU.ActiveCfg = Debug|Any CPU
		{7C6E4311-14E1-454C-A084-0EB1AF934F69}.Debug|Any CPU.Build.0 = Debug|Any CPU
		{7C6E4311-14E1-454C-A084-0EB1AF934F69}.Debug|iPhone.ActiveCfg = Debug|Any CPU
		{7C6E4311-14E1-454C-A084-0EB1AF934F69}.Debug|iPhone.Build.0 = Debug|Any CPU
		{7C6E4311-14E1-454C-A084-0EB1AF934F69}.Debug|iPhoneSimulator.ActiveCfg = Debug|Any CPU
		{7C6E4311-14E1-454C-A084-0EB1AF934F69}.Debug|iPhoneSimulator.Build.0 = Debug|Any CPU
		{7C6E4311-14E1-454C-A084-0EB1AF934F69}.Release|Any CPU.ActiveCfg = Release|Any CPU
		{7C6E4311-14E1-454C-A084-0EB1AF934F69}.Release|Any CPU.Build.0 = Release|Any CPU
		{7C6E4311-14E1-454C-A084-0EB1AF934F69}.Release|iPhone.ActiveCfg = Release|Any CPU
		{7C6E4311-14E1-454C-A084-0EB1AF934F69}.Release|iPhone.Build.0 = Release|Any CPU
		{7C6E4311-14E1-454C-A084-0EB1AF934F69}.Release|iPhoneSimulator.ActiveCfg = Release|Any CPU
		{7C6E4311-14E1-454C-A084-0EB1AF934F69}.Release|iPhoneSimulator.Build.0 = Release|Any CPU
	EndGlobalSection
	GlobalSection(SolutionProperties) = preSolution
		HideSolutionNode = FALSE
	EndGlobalSection
	GlobalSection(ExtensibilityGlobals) = postSolution
		SolutionGuid = {7DF9DDB6-B70F-4976-90D2-420A60D377ED}
	EndGlobalSection
EndGlobal
